
Microsoft Visual Studio Solution File, Format Version 12.00
# Visual Studio 15
VisualStudioVersion = 15.0.28307.852
MinimumVisualStudioVersion = 10.0.40219.1
Project("{FAE04EC0-301F-11D3-BF4B-00C04F79EFBC}") = "WebServiceAppli_KT", "WebServiceAppli_KT\WebServiceAppli_KT.csproj", "{BF446036-3839-4F69-B40D-A4BF300FE11A}"
EndProject
Global
	GlobalSection(SolutionConfigurationPlatforms) = preSolution
		Debug|Any CPU = Debug|Any CPU
		Release|Any CPU = Release|Any CPU
	EndGlobalSection
	GlobalSection(ProjectConfigurationPlatforms) = postSolution
		{BF446036-3839-4F69-B40D-A4BF300FE11A}.Debug|Any CPU.ActiveCfg = Debug|Any CPU
		{BF446036-3839-4F69-B40D-A4BF300FE11A}.Debug|Any CPU.Build.0 = Debug|Any CPU
		{BF446036-3839-4F69-B40D-A4BF300FE11A}.Release|Any CPU.ActiveCfg = Release|Any CPU
		{BF446036-3839-4F69-B40D-A4BF300FE11A}.Release|Any CPU.Build.0 = Release|Any CPU
	EndGlobalSection
	GlobalSection(SolutionProperties) = preSolution
		HideSolutionNode = FALSE
	EndGlobalSection
	GlobalSection(ExtensibilityGlobals) = postSolution
		SolutionGuid = {4A5A1213-F8B4-4E7B-B056-22254D95010E}
	EndGlobalSection
EndGlobal
